
Microsoft Visual Studio Solution File, Format Version 12.00
# Visual Studio 15
Project("{FAE04EC0-301F-11D3-BF4B-00C04F79EFBC}") = "Assembly-CSharp", "Assembly-CSharp.csproj", "{78617331-A053-46CE-52A9-1FAD6F1D2130}"
EndProject
Project("{FAE04EC0-301F-11D3-BF4B-00C04F79EFBC}") = "Unity.PlayerPrefsEditor.Samples.SampleScene", "Unity.PlayerPrefsEditor.Samples.SampleScene.csproj", "{763D4E4E-624D-FBB1-17DB-34B3DE0B9F3A}"
EndProject
Project("{FAE04EC0-301F-11D3-BF4B-00C04F79EFBC}") = "Unity.PlayerPrefsEditor.Editor", "Unity.PlayerPrefsEditor.Editor.csproj", "{A00C9E94-9329-DE96-9626-2514614B12F7}"
EndProject
Project("{FAE04EC0-301F-11D3-BF4B-00C04F79EFBC}") = "Unity.PlayerPrefsEditor.EditorResources", "Unity.PlayerPrefsEditor.EditorResources.csproj", "{78690FE8-D601-447B-9E38-15D0DE2ACBCC}"
EndProject
Global
	GlobalSection(SolutionConfigurationPlatforms) = preSolution
		Debug|Any CPU = Debug|Any CPU
		Release|Any CPU = Release|Any CPU
	EndGlobalSection
	GlobalSection(ProjectConfigurationPlatforms) = postSolution
		{78617331-A053-46CE-52A9-1FAD6F1D2130}.Debug|Any CPU.ActiveCfg = Debug|Any CPU
		{78617331-A053-46CE-52A9-1FAD6F1D2130}.Debug|Any CPU.Build.0 = Debug|Any CPU
		{78617331-A053-46CE-52A9-1FAD6F1D2130}.Release|Any CPU.ActiveCfg = Release|Any CPU
		{78617331-A053-46CE-52A9-1FAD6F1D2130}.Release|Any CPU.Build.0 = Release|Any CPU
		{763D4E4E-624D-FBB1-17DB-34B3DE0B9F3A}.Debug|Any CPU.ActiveCfg = Debug|Any CPU
		{763D4E4E-624D-FBB1-17DB-34B3DE0B9F3A}.Debug|Any CPU.Build.0 = Debug|Any CPU
		{763D4E4E-624D-FBB1-17DB-34B3DE0B9F3A}.Release|Any CPU.ActiveCfg = Release|Any CPU
		{763D4E4E-624D-FBB1-17DB-34B3DE0B9F3A}.Release|Any CPU.Build.0 = Release|Any CPU
		{A00C9E94-9329-DE96-9626-2514614B12F7}.Debug|Any CPU.ActiveCfg = Debug|Any CPU
		{A00C9E94-9329-DE96-9626-2514614B12F7}.Debug|Any CPU.Build.0 = Debug|Any CPU
		{A00C9E94-9329-DE96-9626-2514614B12F7}.Release|Any CPU.ActiveCfg = Release|Any CPU
		{A00C9E94-9329-DE96-9626-2514614B12F7}.Release|Any CPU.Build.0 = Release|Any CPU
		{78690FE8-D601-447B-9E38-15D0DE2ACBCC}.Debug|Any CPU.ActiveCfg = Debug|Any CPU
		{78690FE8-D601-447B-9E38-15D0DE2ACBCC}.Debug|Any CPU.Build.0 = Debug|Any CPU
		{78690FE8-D601-447B-9E38-15D0DE2ACBCC}.Release|Any CPU.ActiveCfg = Release|Any CPU
		{78690FE8-D601-447B-9E38-15D0DE2ACBCC}.Release|Any CPU.Build.0 = Release|Any CPU
	EndGlobalSection
	GlobalSection(SolutionProperties) = preSolution
		HideSolutionNode = FALSE
	EndGlobalSection
EndGlobal
